// !$*UTF8*$!
{
	archiveVersion = 1;
	classes = {
	};
	objectVersion = 46;
	objects = {

/* Begin PBXBuildFile section */
		1F70CEBA06AB4F15BC8D30A8 /* libPods.a in Frameworks */ = {isa = PBXBuildFile; fileRef = 8EF7FC9D3BFB4E8E95EDA8F9 /* libPods.a */; };
		6F0412F11989673E002CC2E7 /* FISTweet.m in Sources */ = {isa = PBXBuildFile; fileRef = 6F0412F01989673E002CC2E7 /* FISTweet.m */; };
		6F0412F419897C2C002CC2E7 /* FISFriendTableViewCell.m in Sources */ = {isa = PBXBuildFile; fileRef = 6F0412F319897C2C002CC2E7 /* FISFriendTableViewCell.m */; };
		6F0412F719898D3C002CC2E7 /* FISFriendFeedTableViewController.m in Sources */ = {isa = PBXBuildFile; fileRef = 6F0412F619898D3C002CC2E7 /* FISFriendFeedTableViewController.m */; };
		6F70B1471989376200AE67FF /* FISSegmentedViewController.m in Sources */ = {isa = PBXBuildFile; fileRef = 6F70B1461989376200AE67FF /* FISSegmentedViewController.m */; };
		6F70B14A19893A6600AE67FF /* FISFriendsTableViewController.m in Sources */ = {isa = PBXBuildFile; fileRef = 6F70B14919893A6600AE67FF /* FISFriendsTableViewController.m */; };
		6F70B14D19893E3500AE67FF /* FISTwitterPerson.m in Sources */ = {isa = PBXBuildFile; fileRef = 6F70B14C19893E3500AE67FF /* FISTwitterPerson.m */; };
		6F70B1501989470700AE67FF /* FISSlidableTableViewCell.m in Sources */ = {isa = PBXBuildFile; fileRef = 6F70B14F1989470700AE67FF /* FISSlidableTableViewCell.m */; };
		6F80C341198C0E100051CDD3 /* default_profile_5_bigger.jpg in Resources */ = {isa = PBXBuildFile; fileRef = 6F80C340198C0E100051CDD3 /* default_profile_5_bigger.jpg */; };
		6F80C344198C16DD0051CDD3 /* FISTrashBinTableViewController.m in Sources */ = {isa = PBXBuildFile; fileRef = 6F80C343198C16DD0051CDD3 /* FISTrashBinTableViewController.m */; };
		6FA5EA9F1987DC4300AECF7C /* Foundation.framework in Frameworks */ = {isa = PBXBuildFile; fileRef = 6FA5EA9E1987DC4300AECF7C /* Foundation.framework */; };
		6FA5EAA11987DC4300AECF7C /* CoreGraphics.framework in Frameworks */ = {isa = PBXBuildFile; fileRef = 6FA5EAA01987DC4300AECF7C /* CoreGraphics.framework */; };
		6FA5EAA31987DC4300AECF7C /* UIKit.framework in Frameworks */ = {isa = PBXBuildFile; fileRef = 6FA5EAA21987DC4300AECF7C /* UIKit.framework */; };
		6FA5EAA91987DC4300AECF7C /* InfoPlist.strings in Resources */ = {isa = PBXBuildFile; fileRef = 6FA5EAA71987DC4300AECF7C /* InfoPlist.strings */; };
		6FA5EAAB1987DC4300AECF7C /* main.m in Sources */ = {isa = PBXBuildFile; fileRef = 6FA5EAAA1987DC4300AECF7C /* main.m */; };
		6FA5EAAF1987DC4300AECF7C /* FISAppDelegate.m in Sources */ = {isa = PBXBuildFile; fileRef = 6FA5EAAE1987DC4300AECF7C /* FISAppDelegate.m */; };
		6FA5EAB21987DC4300AECF7C /* Main_iPhone.storyboard in Resources */ = {isa = PBXBuildFile; fileRef = 6FA5EAB01987DC4300AECF7C /* Main_iPhone.storyboard */; };
		6FA5EAB51987DC4300AECF7C /* Main_iPad.storyboard in Resources */ = {isa = PBXBuildFile; fileRef = 6FA5EAB31987DC4300AECF7C /* Main_iPad.storyboard */; };
		6FA5EAB81987DC4300AECF7C /* FISViewController.m in Sources */ = {isa = PBXBuildFile; fileRef = 6FA5EAB71987DC4300AECF7C /* FISViewController.m */; };
		6FA5EABA1987DC4300AECF7C /* Images.xcassets in Resources */ = {isa = PBXBuildFile; fileRef = 6FA5EAB91987DC4300AECF7C /* Images.xcassets */; };
		6FA5EAC11987DC4300AECF7C /* XCTest.framework in Frameworks */ = {isa = PBXBuildFile; fileRef = 6FA5EAC01987DC4300AECF7C /* XCTest.framework */; };
		6FA5EAC21987DC4300AECF7C /* Foundation.framework in Frameworks */ = {isa = PBXBuildFile; fileRef = 6FA5EA9E1987DC4300AECF7C /* Foundation.framework */; };
		6FA5EAC31987DC4300AECF7C /* UIKit.framework in Frameworks */ = {isa = PBXBuildFile; fileRef = 6FA5EAA21987DC4300AECF7C /* UIKit.framework */; };
		6FA5EACB1987DC4300AECF7C /* InfoPlist.strings in Resources */ = {isa = PBXBuildFile; fileRef = 6FA5EAC91987DC4300AECF7C /* InfoPlist.strings */; };
		6FA5EACD1987DC4300AECF7C /* enhatchTweetFilterTests.m in Sources */ = {isa = PBXBuildFile; fileRef = 6FA5EACC1987DC4300AECF7C /* enhatchTweetFilterTests.m */; };
		6FA5EAD81987DD8600AECF7C /* FISTwitterFeedTableViewController.m in Sources */ = {isa = PBXBuildFile; fileRef = 6FA5EAD71987DD8600AECF7C /* FISTwitterFeedTableViewController.m */; };
		6FA5EADB1987E2F700AECF7C /* FISTwitterAPIClient.m in Sources */ = {isa = PBXBuildFile; fileRef = 6FA5EADA1987E2F700AECF7C /* FISTwitterAPIClient.m */; };
		6FA5EADE1987E6EB00AECF7C /* FISDataStore.m in Sources */ = {isa = PBXBuildFile; fileRef = 6FA5EADD1987E6EB00AECF7C /* FISDataStore.m */; };
		6FA5EAE11987E8E100AECF7C /* FISCompareSentences.m in Sources */ = {isa = PBXBuildFile; fileRef = 6FA5EAE01987E8E100AECF7C /* FISCompareSentences.m */; };
		6FA5EAE41988205000AECF7C /* FISConstants.m in Sources */ = {isa = PBXBuildFile; fileRef = 6FA5EAE31988205000AECF7C /* FISConstants.m */; };
		6FA5EAE9198847E500AECF7C /* FISPreferenceVectorField.m in Sources */ = {isa = PBXBuildFile; fileRef = 6FA5EAE8198847E500AECF7C /* FISPreferenceVectorField.m */; };
		6FD062AA198A7914007FD3AA /* Model.xcdatamodeld in Sources */ = {isa = PBXBuildFile; fileRef = 6FD062A8198A7914007FD3AA /* Model.xcdatamodeld */; };
		6FD062B6198A7CA9007FD3AA /* Word.m in Sources */ = {isa = PBXBuildFile; fileRef = 6FD062B5198A7CA9007FD3AA /* Word.m */; };
		6FD062B9198A84BE007FD3AA /* FISPreferenceAlgorithm.m in Sources */ = {isa = PBXBuildFile; fileRef = 6FD062B8198A84BE007FD3AA /* FISPreferenceAlgorithm.m */; };
		6FD062BC198AB9B2007FD3AA /* VectorSet.m in Sources */ = {isa = PBXBuildFile; fileRef = 6FD062BB198AB9B2007FD3AA /* VectorSet.m */; };
		6FD062BF198AB9B3007FD3AA /* Vector.m in Sources */ = {isa = PBXBuildFile; fileRef = 6FD062BE198AB9B3007FD3AA /* Vector.m */; };
		6FD062C1198AFB84007FD3AA /* EnhatchFullImage.png in Resources */ = {isa = PBXBuildFile; fileRef = 6FD062C0198AFB84007FD3AA /* EnhatchFullImage.png */; };
		7111EBAB198BACCD00DEDCA2 /* FISAlertView.m in Sources */ = {isa = PBXBuildFile; fileRef = 7111EBAA198BACCD00DEDCA2 /* FISAlertView.m */; };
		71A59A96198BEB1C00B4D872 /* FISOAuthClient.m in Sources */ = {isa = PBXBuildFile; fileRef = 71A59A95198BEB1C00B4D872 /* FISOAuthClient.m */; };
		71CF3C30199005150074F01F /* FISWebViewController.m in Sources */ = {isa = PBXBuildFile; fileRef = 71CF3C2F199005150074F01F /* FISWebViewController.m */; };
/* End PBXBuildFile section */

/* Begin PBXContainerItemProxy section */
		6FA5EAC41987DC4300AECF7C /* PBXContainerItemProxy */ = {
			isa = PBXContainerItemProxy;
			containerPortal = 6FA5EA931987DC4300AECF7C /* Project object */;
			proxyType = 1;
			remoteGlobalIDString = 6FA5EA9A1987DC4300AECF7C;
			remoteInfo = enhatchTweetFilter;
		};
/* End PBXContainerItemProxy section */

/* Begin PBXFileReference section */
		6F0412EF1989673E002CC2E7 /* FISTweet.h */ = {isa = PBXFileReference; fileEncoding = 4; lastKnownFileType = sourcecode.c.h; path = FISTweet.h; sourceTree = "<group>"; };
		6F0412F01989673E002CC2E7 /* FISTweet.m */ = {isa = PBXFileReference; fileEncoding = 4; lastKnownFileType = sourcecode.c.objc; path = FISTweet.m; sourceTree = "<group>"; };
		6F0412F219897C2C002CC2E7 /* FISFriendTableViewCell.h */ = {isa = PBXFileReference; fileEncoding = 4; lastKnownFileType = sourcecode.c.h; path = FISFriendTableViewCell.h; sourceTree = "<group>"; };
		6F0412F319897C2C002CC2E7 /* FISFriendTableViewCell.m */ = {isa = PBXFileReference; fileEncoding = 4; lastKnownFileType = sourcecode.c.objc; path = FISFriendTableViewCell.m; sourceTree = "<group>"; };
		6F0412F519898D3C002CC2E7 /* FISFriendFeedTableViewController.h */ = {isa = PBXFileReference; fileEncoding = 4; lastKnownFileType = sourcecode.c.h; path = FISFriendFeedTableViewController.h; sourceTree = "<group>"; };
		6F0412F619898D3C002CC2E7 /* FISFriendFeedTableViewController.m */ = {isa = PBXFileReference; fileEncoding = 4; lastKnownFileType = sourcecode.c.objc; path = FISFriendFeedTableViewController.m; sourceTree = "<group>"; };
		6F70B1451989376200AE67FF /* FISSegmentedViewController.h */ = {isa = PBXFileReference; fileEncoding = 4; lastKnownFileType = sourcecode.c.h; path = FISSegmentedViewController.h; sourceTree = "<group>"; };
		6F70B1461989376200AE67FF /* FISSegmentedViewController.m */ = {isa = PBXFileReference; fileEncoding = 4; lastKnownFileType = sourcecode.c.objc; path = FISSegmentedViewController.m; sourceTree = "<group>"; };
		6F70B14819893A6600AE67FF /* FISFriendsTableViewController.h */ = {isa = PBXFileReference; fileEncoding = 4; lastKnownFileType = sourcecode.c.h; path = FISFriendsTableViewController.h; sourceTree = "<group>"; };
		6F70B14919893A6600AE67FF /* FISFriendsTableViewController.m */ = {isa = PBXFileReference; fileEncoding = 4; lastKnownFileType = sourcecode.c.objc; path = FISFriendsTableViewController.m; sourceTree = "<group>"; };
		6F70B14B19893E3500AE67FF /* FISTwitterPerson.h */ = {isa = PBXFileReference; fileEncoding = 4; lastKnownFileType = sourcecode.c.h; path = FISTwitterPerson.h; sourceTree = "<group>"; };
		6F70B14C19893E3500AE67FF /* FISTwitterPerson.m */ = {isa = PBXFileReference; fileEncoding = 4; lastKnownFileType = sourcecode.c.objc; path = FISTwitterPerson.m; sourceTree = "<group>"; };
		6F70B14E1989470700AE67FF /* FISSlidableTableViewCell.h */ = {isa = PBXFileReference; fileEncoding = 4; lastKnownFileType = sourcecode.c.h; path = FISSlidableTableViewCell.h; sourceTree = "<group>"; };
		6F70B14F1989470700AE67FF /* FISSlidableTableViewCell.m */ = {isa = PBXFileReference; fileEncoding = 4; lastKnownFileType = sourcecode.c.objc; path = FISSlidableTableViewCell.m; sourceTree = "<group>"; };
		6F80C340198C0E100051CDD3 /* default_profile_5_bigger.jpg */ = {isa = PBXFileReference; lastKnownFileType = image.jpeg; name = default_profile_5_bigger.jpg; path = enhatchTweetFilterTests/default_profile_5_bigger.jpg; sourceTree = SOURCE_ROOT; };
		6F80C342198C16DD0051CDD3 /* FISTrashBinTableViewController.h */ = {isa = PBXFileReference; fileEncoding = 4; lastKnownFileType = sourcecode.c.h; path = FISTrashBinTableViewController.h; sourceTree = "<group>"; };
		6F80C343198C16DD0051CDD3 /* FISTrashBinTableViewController.m */ = {isa = PBXFileReference; fileEncoding = 4; lastKnownFileType = sourcecode.c.objc; path = FISTrashBinTableViewController.m; sourceTree = "<group>"; };
		6FA5EA9B1987DC4300AECF7C /* enhatchTweetFilter.app */ = {isa = PBXFileReference; explicitFileType = wrapper.application; includeInIndex = 0; path = enhatchTweetFilter.app; sourceTree = BUILT_PRODUCTS_DIR; };
		6FA5EA9E1987DC4300AECF7C /* Foundation.framework */ = {isa = PBXFileReference; lastKnownFileType = wrapper.framework; name = Foundation.framework; path = System/Library/Frameworks/Foundation.framework; sourceTree = SDKROOT; };
		6FA5EAA01987DC4300AECF7C /* CoreGraphics.framework */ = {isa = PBXFileReference; lastKnownFileType = wrapper.framework; name = CoreGraphics.framework; path = System/Library/Frameworks/CoreGraphics.framework; sourceTree = SDKROOT; };
		6FA5EAA21987DC4300AECF7C /* UIKit.framework */ = {isa = PBXFileReference; lastKnownFileType = wrapper.framework; name = UIKit.framework; path = System/Library/Frameworks/UIKit.framework; sourceTree = SDKROOT; };
		6FA5EAA61987DC4300AECF7C /* enhatchTweetFilter-Info.plist */ = {isa = PBXFileReference; lastKnownFileType = text.plist.xml; path = "enhatchTweetFilter-Info.plist"; sourceTree = "<group>"; };
		6FA5EAA81987DC4300AECF7C /* en */ = {isa = PBXFileReference; lastKnownFileType = text.plist.strings; name = en; path = en.lproj/InfoPlist.strings; sourceTree = "<group>"; };
		6FA5EAAA1987DC4300AECF7C /* main.m */ = {isa = PBXFileReference; lastKnownFileType = sourcecode.c.objc; path = main.m; sourceTree = "<group>"; };
		6FA5EAAC1987DC4300AECF7C /* enhatchTweetFilter-Prefix.pch */ = {isa = PBXFileReference; lastKnownFileType = sourcecode.c.h; path = "enhatchTweetFilter-Prefix.pch"; sourceTree = "<group>"; };
		6FA5EAAD1987DC4300AECF7C /* FISAppDelegate.h */ = {isa = PBXFileReference; lastKnownFileType = sourcecode.c.h; path = FISAppDelegate.h; sourceTree = "<group>"; };
		6FA5EAAE1987DC4300AECF7C /* FISAppDelegate.m */ = {isa = PBXFileReference; lastKnownFileType = sourcecode.c.objc; path = FISAppDelegate.m; sourceTree = "<group>"; };
		6FA5EAB11987DC4300AECF7C /* Base */ = {isa = PBXFileReference; lastKnownFileType = file.storyboard; name = Base; path = Base.lproj/Main_iPhone.storyboard; sourceTree = "<group>"; };
		6FA5EAB41987DC4300AECF7C /* Base */ = {isa = PBXFileReference; lastKnownFileType = file.storyboard; name = Base; path = Base.lproj/Main_iPad.storyboard; sourceTree = "<group>"; };
		6FA5EAB61987DC4300AECF7C /* FISViewController.h */ = {isa = PBXFileReference; lastKnownFileType = sourcecode.c.h; path = FISViewController.h; sourceTree = "<group>"; };
		6FA5EAB71987DC4300AECF7C /* FISViewController.m */ = {isa = PBXFileReference; lastKnownFileType = sourcecode.c.objc; path = FISViewController.m; sourceTree = "<group>"; };
		6FA5EAB91987DC4300AECF7C /* Images.xcassets */ = {isa = PBXFileReference; lastKnownFileType = folder.assetcatalog; path = Images.xcassets; sourceTree = "<group>"; };
		6FA5EABF1987DC4300AECF7C /* enhatchTweetFilterTests.xctest */ = {isa = PBXFileReference; explicitFileType = wrapper.cfbundle; includeInIndex = 0; path = enhatchTweetFilterTests.xctest; sourceTree = BUILT_PRODUCTS_DIR; };
		6FA5EAC01987DC4300AECF7C /* XCTest.framework */ = {isa = PBXFileReference; lastKnownFileType = wrapper.framework; name = XCTest.framework; path = Library/Frameworks/XCTest.framework; sourceTree = DEVELOPER_DIR; };
		6FA5EAC81987DC4300AECF7C /* enhatchTweetFilterTests-Info.plist */ = {isa = PBXFileReference; lastKnownFileType = text.plist.xml; path = "enhatchTweetFilterTests-Info.plist"; sourceTree = "<group>"; };
		6FA5EACA1987DC4300AECF7C /* en */ = {isa = PBXFileReference; lastKnownFileType = text.plist.strings; name = en; path = en.lproj/InfoPlist.strings; sourceTree = "<group>"; };
		6FA5EACC1987DC4300AECF7C /* enhatchTweetFilterTests.m */ = {isa = PBXFileReference; lastKnownFileType = sourcecode.c.objc; path = enhatchTweetFilterTests.m; sourceTree = "<group>"; };
		6FA5EAD61987DD8600AECF7C /* FISTwitterFeedTableViewController.h */ = {isa = PBXFileReference; fileEncoding = 4; lastKnownFileType = sourcecode.c.h; path = FISTwitterFeedTableViewController.h; sourceTree = "<group>"; };
		6FA5EAD71987DD8600AECF7C /* FISTwitterFeedTableViewController.m */ = {isa = PBXFileReference; fileEncoding = 4; lastKnownFileType = sourcecode.c.objc; path = FISTwitterFeedTableViewController.m; sourceTree = "<group>"; };
		6FA5EAD91987E2F700AECF7C /* FISTwitterAPIClient.h */ = {isa = PBXFileReference; fileEncoding = 4; lastKnownFileType = sourcecode.c.h; path = FISTwitterAPIClient.h; sourceTree = "<group>"; };
		6FA5EADA1987E2F700AECF7C /* FISTwitterAPIClient.m */ = {isa = PBXFileReference; fileEncoding = 4; lastKnownFileType = sourcecode.c.objc; path = FISTwitterAPIClient.m; sourceTree = "<group>"; };
		6FA5EADC1987E6EB00AECF7C /* FISDataStore.h */ = {isa = PBXFileReference; fileEncoding = 4; lastKnownFileType = sourcecode.c.h; path = FISDataStore.h; sourceTree = "<group>"; };
		6FA5EADD1987E6EB00AECF7C /* FISDataStore.m */ = {isa = PBXFileReference; fileEncoding = 4; lastKnownFileType = sourcecode.c.objc; path = FISDataStore.m; sourceTree = "<group>"; };
		6FA5EADF1987E8E100AECF7C /* FISCompareSentences.h */ = {isa = PBXFileReference; fileEncoding = 4; lastKnownFileType = sourcecode.c.h; path = FISCompareSentences.h; sourceTree = "<group>"; };
		6FA5EAE01987E8E100AECF7C /* FISCompareSentences.m */ = {isa = PBXFileReference; fileEncoding = 4; lastKnownFileType = sourcecode.c.objc; path = FISCompareSentences.m; sourceTree = "<group>"; };
		6FA5EAE21988205000AECF7C /* FISConstants.h */ = {isa = PBXFileReference; fileEncoding = 4; lastKnownFileType = sourcecode.c.h; path = FISConstants.h; sourceTree = "<group>"; };
		6FA5EAE31988205000AECF7C /* FISConstants.m */ = {isa = PBXFileReference; fileEncoding = 4; lastKnownFileType = sourcecode.c.objc; path = FISConstants.m; sourceTree = "<group>"; };
		6FA5EAE7198847E500AECF7C /* FISPreferenceVectorField.h */ = {isa = PBXFileReference; fileEncoding = 4; lastKnownFileType = sourcecode.c.h; path = FISPreferenceVectorField.h; sourceTree = "<group>"; };
		6FA5EAE8198847E500AECF7C /* FISPreferenceVectorField.m */ = {isa = PBXFileReference; fileEncoding = 4; lastKnownFileType = sourcecode.c.objc; path = FISPreferenceVectorField.m; sourceTree = "<group>"; };
		6FD062A9198A7914007FD3AA /* Model.xcdatamodel */ = {isa = PBXFileReference; lastKnownFileType = wrapper.xcdatamodel; path = Model.xcdatamodel; sourceTree = "<group>"; };
		6FD062B4198A7CA9007FD3AA /* Word.h */ = {isa = PBXFileReference; fileEncoding = 4; lastKnownFileType = sourcecode.c.h; path = Word.h; sourceTree = "<group>"; };
		6FD062B5198A7CA9007FD3AA /* Word.m */ = {isa = PBXFileReference; fileEncoding = 4; lastKnownFileType = sourcecode.c.objc; path = Word.m; sourceTree = "<group>"; };
		6FD062B7198A84BE007FD3AA /* FISPreferenceAlgorithm.h */ = {isa = PBXFileReference; fileEncoding = 4; lastKnownFileType = sourcecode.c.h; path = FISPreferenceAlgorithm.h; sourceTree = "<group>"; };
		6FD062B8198A84BE007FD3AA /* FISPreferenceAlgorithm.m */ = {isa = PBXFileReference; fileEncoding = 4; lastKnownFileType = sourcecode.c.objc; path = FISPreferenceAlgorithm.m; sourceTree = "<group>"; };
		6FD062BA198AB9B2007FD3AA /* VectorSet.h */ = {isa = PBXFileReference; fileEncoding = 4; lastKnownFileType = sourcecode.c.h; path = VectorSet.h; sourceTree = "<group>"; };
		6FD062BB198AB9B2007FD3AA /* VectorSet.m */ = {isa = PBXFileReference; fileEncoding = 4; lastKnownFileType = sourcecode.c.objc; path = VectorSet.m; sourceTree = "<group>"; };
		6FD062BD198AB9B3007FD3AA /* Vector.h */ = {isa = PBXFileReference; fileEncoding = 4; lastKnownFileType = sourcecode.c.h; path = Vector.h; sourceTree = "<group>"; };
		6FD062BE198AB9B3007FD3AA /* Vector.m */ = {isa = PBXFileReference; fileEncoding = 4; lastKnownFileType = sourcecode.c.objc; path = Vector.m; sourceTree = "<group>"; };
		6FD062C0198AFB84007FD3AA /* EnhatchFullImage.png */ = {isa = PBXFileReference; lastKnownFileType = image.png; path = EnhatchFullImage.png; sourceTree = "<group>"; };
		7111EBA9198BACCD00DEDCA2 /* FISAlertView.h */ = {isa = PBXFileReference; fileEncoding = 4; lastKnownFileType = sourcecode.c.h; path = FISAlertView.h; sourceTree = "<group>"; };
		7111EBAA198BACCD00DEDCA2 /* FISAlertView.m */ = {isa = PBXFileReference; fileEncoding = 4; lastKnownFileType = sourcecode.c.objc; path = FISAlertView.m; sourceTree = "<group>"; };
		71A59A94198BEB1C00B4D872 /* FISOAuthClient.h */ = {isa = PBXFileReference; fileEncoding = 4; lastKnownFileType = sourcecode.c.h; path = FISOAuthClient.h; sourceTree = "<group>"; };
		71A59A95198BEB1C00B4D872 /* FISOAuthClient.m */ = {isa = PBXFileReference; fileEncoding = 4; lastKnownFileType = sourcecode.c.objc; path = FISOAuthClient.m; sourceTree = "<group>"; };
		71CF3C2E199005150074F01F /* FISWebViewController.h */ = {isa = PBXFileReference; fileEncoding = 4; lastKnownFileType = sourcecode.c.h; path = FISWebViewController.h; sourceTree = "<group>"; };
		71CF3C2F199005150074F01F /* FISWebViewController.m */ = {isa = PBXFileReference; fileEncoding = 4; lastKnownFileType = sourcecode.c.objc; path = FISWebViewController.m; sourceTree = "<group>"; };
		8EF7FC9D3BFB4E8E95EDA8F9 /* libPods.a */ = {isa = PBXFileReference; explicitFileType = archive.ar; includeInIndex = 0; path = libPods.a; sourceTree = BUILT_PRODUCTS_DIR; };
		93AB93FF33ED413685BFEEEA /* Pods.xcconfig */ = {isa = PBXFileReference; includeInIndex = 1; lastKnownFileType = text.xcconfig; name = Pods.xcconfig; path = Pods/Pods.xcconfig; sourceTree = "<group>"; };
/* End PBXFileReference section */

/* Begin PBXFrameworksBuildPhase section */
		6FA5EA981987DC4300AECF7C /* Frameworks */ = {
			isa = PBXFrameworksBuildPhase;
			buildActionMask = 2147483647;
			files = (
				6FA5EAA11987DC4300AECF7C /* CoreGraphics.framework in Frameworks */,
				6FA5EAA31987DC4300AECF7C /* UIKit.framework in Frameworks */,
				6FA5EA9F1987DC4300AECF7C /* Foundation.framework in Frameworks */,
				1F70CEBA06AB4F15BC8D30A8 /* libPods.a in Frameworks */,
			);
			runOnlyForDeploymentPostprocessing = 0;
		};
		6FA5EABC1987DC4300AECF7C /* Frameworks */ = {
			isa = PBXFrameworksBuildPhase;
			buildActionMask = 2147483647;
			files = (
				6FA5EAC11987DC4300AECF7C /* XCTest.framework in Frameworks */,
				6FA5EAC31987DC4300AECF7C /* UIKit.framework in Frameworks */,
				6FA5EAC21987DC4300AECF7C /* Foundation.framework in Frameworks */,
			);
			runOnlyForDeploymentPostprocessing = 0;
		};
/* End PBXFrameworksBuildPhase section */

/* Begin PBXGroup section */
		6F70B1511989471300AE67FF /* views */ = {
			isa = PBXGroup;
			children = (
				6F70B14E1989470700AE67FF /* FISSlidableTableViewCell.h */,
				6F70B14F1989470700AE67FF /* FISSlidableTableViewCell.m */,
				6F0412F219897C2C002CC2E7 /* FISFriendTableViewCell.h */,
				6F0412F319897C2C002CC2E7 /* FISFriendTableViewCell.m */,
			);
			name = views;
			sourceTree = "<group>";
		};
		6FA5EA921987DC4300AECF7C = {
			isa = PBXGroup;
			children = (
				6FA5EAA41987DC4300AECF7C /* enhatchTweetFilter */,
				6FA5EAC61987DC4300AECF7C /* enhatchTweetFilterTests */,
				6FA5EA9D1987DC4300AECF7C /* Frameworks */,
				6FA5EA9C1987DC4300AECF7C /* Products */,
				93AB93FF33ED413685BFEEEA /* Pods.xcconfig */,
			);
			sourceTree = "<group>";
		};
		6FA5EA9C1987DC4300AECF7C /* Products */ = {
			isa = PBXGroup;
			children = (
				6FA5EA9B1987DC4300AECF7C /* enhatchTweetFilter.app */,
				6FA5EABF1987DC4300AECF7C /* enhatchTweetFilterTests.xctest */,
			);
			name = Products;
			sourceTree = "<group>";
		};
		6FA5EA9D1987DC4300AECF7C /* Frameworks */ = {
			isa = PBXGroup;
			children = (
				6FA5EA9E1987DC4300AECF7C /* Foundation.framework */,
				6FA5EAA01987DC4300AECF7C /* CoreGraphics.framework */,
				6FA5EAA21987DC4300AECF7C /* UIKit.framework */,
				6FA5EAC01987DC4300AECF7C /* XCTest.framework */,
				8EF7FC9D3BFB4E8E95EDA8F9 /* libPods.a */,
			);
			name = Frameworks;
			sourceTree = "<group>";
		};
		6FA5EAA41987DC4300AECF7C /* enhatchTweetFilter */ = {
			isa = PBXGroup;
			children = (
				6FA5EAAD1987DC4300AECF7C /* FISAppDelegate.h */,
				6FA5EAAE1987DC4300AECF7C /* FISAppDelegate.m */,
				6FA5EAB01987DC4300AECF7C /* Main_iPhone.storyboard */,
				6F70B1511989471300AE67FF /* views */,
				6FA5EAE61988287D00AECF7C /* controllers */,
				6FA5EAE51988286D00AECF7C /* model */,
				6FA5EAB31987DC4300AECF7C /* Main_iPad.storyboard */,
				6FA5EAB61987DC4300AECF7C /* FISViewController.h */,
				6FA5EAB71987DC4300AECF7C /* FISViewController.m */,
				6FA5EAB91987DC4300AECF7C /* Images.xcassets */,
				6FA5EAA51987DC4300AECF7C /* Supporting Files */,
			);
			path = enhatchTweetFilter;
			sourceTree = "<group>";
		};
		6FA5EAA51987DC4300AECF7C /* Supporting Files */ = {
			isa = PBXGroup;
			children = (
				6F80C340198C0E100051CDD3 /* default_profile_5_bigger.jpg */,
				6FD062C0198AFB84007FD3AA /* EnhatchFullImage.png */,
				6FA5EADF1987E8E100AECF7C /* FISCompareSentences.h */,
				6FA5EAE01987E8E100AECF7C /* FISCompareSentences.m */,
				6FA5EAE21988205000AECF7C /* FISConstants.h */,
				6FA5EAE31988205000AECF7C /* FISConstants.m */,
				6FA5EAA61987DC4300AECF7C /* enhatchTweetFilter-Info.plist */,
				6FA5EAA71987DC4300AECF7C /* InfoPlist.strings */,
				6FA5EAAA1987DC4300AECF7C /* main.m */,
				6FA5EAAC1987DC4300AECF7C /* enhatchTweetFilter-Prefix.pch */,
			);
			name = "Supporting Files";
			sourceTree = "<group>";
		};
		6FA5EAC61987DC4300AECF7C /* enhatchTweetFilterTests */ = {
			isa = PBXGroup;
			children = (
				6FA5EACC1987DC4300AECF7C /* enhatchTweetFilterTests.m */,
				6FA5EAC71987DC4300AECF7C /* Supporting Files */,
			);
			path = enhatchTweetFilterTests;
			sourceTree = "<group>";
		};
		6FA5EAC71987DC4300AECF7C /* Supporting Files */ = {
			isa = PBXGroup;
			children = (
				6FA5EAC81987DC4300AECF7C /* enhatchTweetFilterTests-Info.plist */,
				6FA5EAC91987DC4300AECF7C /* InfoPlist.strings */,
			);
			name = "Supporting Files";
			sourceTree = "<group>";
		};
		6FA5EAE51988286D00AECF7C /* model */ = {
			isa = PBXGroup;
			children = (
				6FD062A8198A7914007FD3AA /* Model.xcdatamodeld */,
				6FD062BD198AB9B3007FD3AA /* Vector.h */,
				6FD062BE198AB9B3007FD3AA /* Vector.m */,
				6FD062BA198AB9B2007FD3AA /* VectorSet.h */,
				6FD062BB198AB9B2007FD3AA /* VectorSet.m */,
				6FD062B4198A7CA9007FD3AA /* Word.h */,
				6FD062B5198A7CA9007FD3AA /* Word.m */,
				6F0412EF1989673E002CC2E7 /* FISTweet.h */,
				6F0412F01989673E002CC2E7 /* FISTweet.m */,
				6F70B14B19893E3500AE67FF /* FISTwitterPerson.h */,
				6F70B14C19893E3500AE67FF /* FISTwitterPerson.m */,
				6FA5EAE7198847E500AECF7C /* FISPreferenceVectorField.h */,
				6FA5EAE8198847E500AECF7C /* FISPreferenceVectorField.m */,
				6FA5EADC1987E6EB00AECF7C /* FISDataStore.h */,
				6FA5EADD1987E6EB00AECF7C /* FISDataStore.m */,
				6FA5EAD91987E2F700AECF7C /* FISTwitterAPIClient.h */,
				6FA5EADA1987E2F700AECF7C /* FISTwitterAPIClient.m */,
				71A59A94198BEB1C00B4D872 /* FISOAuthClient.h */,
				71A59A95198BEB1C00B4D872 /* FISOAuthClient.m */,
				6FD062B7198A84BE007FD3AA /* FISPreferenceAlgorithm.h */,
				6FD062B8198A84BE007FD3AA /* FISPreferenceAlgorithm.m */,
				7111EBA9198BACCD00DEDCA2 /* FISAlertView.h */,
				7111EBAA198BACCD00DEDCA2 /* FISAlertView.m */,
			);
			name = model;
			sourceTree = "<group>";
		};
		6FA5EAE61988287D00AECF7C /* controllers */ = {
			isa = PBXGroup;
			children = (
				6F80C342198C16DD0051CDD3 /* FISTrashBinTableViewController.h */,
				6F80C343198C16DD0051CDD3 /* FISTrashBinTableViewController.m */,
				6F70B1451989376200AE67FF /* FISSegmentedViewController.h */,
				6F70B1461989376200AE67FF /* FISSegmentedViewController.m */,
				6FA5EAD61987DD8600AECF7C /* FISTwitterFeedTableViewController.h */,
				6FA5EAD71987DD8600AECF7C /* FISTwitterFeedTableViewController.m */,
				6F70B14819893A6600AE67FF /* FISFriendsTableViewController.h */,
				6F70B14919893A6600AE67FF /* FISFriendsTableViewController.m */,
				6F0412F519898D3C002CC2E7 /* FISFriendFeedTableViewController.h */,
				6F0412F619898D3C002CC2E7 /* FISFriendFeedTableViewController.m */,
				71CF3C2E199005150074F01F /* FISWebViewController.h */,
				71CF3C2F199005150074F01F /* FISWebViewController.m */,
			);
			name = controllers;
			sourceTree = "<group>";
		};
/* End PBXGroup section */

/* Begin PBXNativeTarget section */
		6FA5EA9A1987DC4300AECF7C /* enhatchTweetFilter */ = {
			isa = PBXNativeTarget;
			buildConfigurationList = 6FA5EAD01987DC4300AECF7C /* Build configuration list for PBXNativeTarget "enhatchTweetFilter" */;
			buildPhases = (
				D54FAFDAC8594933B8FAAD3F /* Check Pods Manifest.lock */,
				6FA5EA971987DC4300AECF7C /* Sources */,
				6FA5EA981987DC4300AECF7C /* Frameworks */,
				6FA5EA991987DC4300AECF7C /* Resources */,
				70D0E26AE0C84012A7562FA8 /* Copy Pods Resources */,
			);
			buildRules = (
			);
			dependencies = (
			);
			name = enhatchTweetFilter;
			productName = enhatchTweetFilter;
			productReference = 6FA5EA9B1987DC4300AECF7C /* enhatchTweetFilter.app */;
			productType = "com.apple.product-type.application";
		};
		6FA5EABE1987DC4300AECF7C /* enhatchTweetFilterTests */ = {
			isa = PBXNativeTarget;
			buildConfigurationList = 6FA5EAD31987DC4300AECF7C /* Build configuration list for PBXNativeTarget "enhatchTweetFilterTests" */;
			buildPhases = (
				6FA5EABB1987DC4300AECF7C /* Sources */,
				6FA5EABC1987DC4300AECF7C /* Frameworks */,
				6FA5EABD1987DC4300AECF7C /* Resources */,
			);
			buildRules = (
			);
			dependencies = (
				6FA5EAC51987DC4300AECF7C /* PBXTargetDependency */,
			);
			name = enhatchTweetFilterTests;
			productName = enhatchTweetFilterTests;
			productReference = 6FA5EABF1987DC4300AECF7C /* enhatchTweetFilterTests.xctest */;
			productType = "com.apple.product-type.bundle.unit-test";
		};
/* End PBXNativeTarget section */

/* Begin PBXProject section */
		6FA5EA931987DC4300AECF7C /* Project object */ = {
			isa = PBXProject;
			attributes = {
				CLASSPREFIX = FIS;
				LastUpgradeCheck = 0510;
				ORGANIZATIONNAME = "Carter Levin";
				TargetAttributes = {
					6FA5EABE1987DC4300AECF7C = {
						TestTargetID = 6FA5EA9A1987DC4300AECF7C;
					};
				};
			};
			buildConfigurationList = 6FA5EA961987DC4300AECF7C /* Build configuration list for PBXProject "enhatchTweetFilter" */;
			compatibilityVersion = "Xcode 3.2";
			developmentRegion = English;
			hasScannedForEncodings = 0;
			knownRegions = (
				en,
				Base,
			);
			mainGroup = 6FA5EA921987DC4300AECF7C;
			productRefGroup = 6FA5EA9C1987DC4300AECF7C /* Products */;
			projectDirPath = "";
			projectRoot = "";
			targets = (
				6FA5EA9A1987DC4300AECF7C /* enhatchTweetFilter */,
				6FA5EABE1987DC4300AECF7C /* enhatchTweetFilterTests */,
			);
		};
/* End PBXProject section */

/* Begin PBXResourcesBuildPhase section */
		6FA5EA991987DC4300AECF7C /* Resources */ = {
			isa = PBXResourcesBuildPhase;
			buildActionMask = 2147483647;
			files = (
				6FA5EAB51987DC4300AECF7C /* Main_iPad.storyboard in Resources */,
				6FA5EABA1987DC4300AECF7C /* Images.xcassets in Resources */,
				6FA5EAB21987DC4300AECF7C /* Main_iPhone.storyboard in Resources */,
				6FD062C1198AFB84007FD3AA /* EnhatchFullImage.png in Resources */,
				6FA5EAA91987DC4300AECF7C /* InfoPlist.strings in Resources */,
			);
			runOnlyForDeploymentPostprocessing = 0;
		};
		6FA5EABD1987DC4300AECF7C /* Resources */ = {
			isa = PBXResourcesBuildPhase;
			buildActionMask = 2147483647;
			files = (
				6FA5EACB1987DC4300AECF7C /* InfoPlist.strings in Resources */,
				6F80C341198C0E100051CDD3 /* default_profile_5_bigger.jpg in Resources */,
			);
			runOnlyForDeploymentPostprocessing = 0;
		};
/* End PBXResourcesBuildPhase section */

/* Begin PBXShellScriptBuildPhase section */
		70D0E26AE0C84012A7562FA8 /* Copy Pods Resources */ = {
			isa = PBXShellScriptBuildPhase;
			buildActionMask = 2147483647;
			files = (
			);
			inputPaths = (
			);
			name = "Copy Pods Resources";
			outputPaths = (
			);
			runOnlyForDeploymentPostprocessing = 0;
			shellPath = /bin/sh;
			shellScript = "\"${SRCROOT}/Pods/Pods-resources.sh\"\n";
			showEnvVarsInLog = 0;
		};
		D54FAFDAC8594933B8FAAD3F /* Check Pods Manifest.lock */ = {
			isa = PBXShellScriptBuildPhase;
			buildActionMask = 2147483647;
			files = (
			);
			inputPaths = (
			);
			name = "Check Pods Manifest.lock";
			outputPaths = (
			);
			runOnlyForDeploymentPostprocessing = 0;
			shellPath = /bin/sh;
			shellScript = "diff \"${PODS_ROOT}/../Podfile.lock\" \"${PODS_ROOT}/Manifest.lock\" > /dev/null\nif [[ $? != 0 ]] ; then\n    cat << EOM\nerror: The sandbox is not in sync with the Podfile.lock. Run 'pod install' or update your CocoaPods installation.\nEOM\n    exit 1\nfi\n";
			showEnvVarsInLog = 0;
		};
/* End PBXShellScriptBuildPhase section */

/* Begin PBXSourcesBuildPhase section */
		6FA5EA971987DC4300AECF7C /* Sources */ = {
			isa = PBXSourcesBuildPhase;
			buildActionMask = 2147483647;
			files = (
				7111EBAB198BACCD00DEDCA2 /* FISAlertView.m in Sources */,
				6F70B14A19893A6600AE67FF /* FISFriendsTableViewController.m in Sources */,
				71CF3C30199005150074F01F /* FISWebViewController.m in Sources */,
				6FA5EAE41988205000AECF7C /* FISConstants.m in Sources */,
				6FA5EAB81987DC4300AECF7C /* FISViewController.m in Sources */,
				6FA5EAAB1987DC4300AECF7C /* main.m in Sources */,
				6FA5EAE9198847E500AECF7C /* FISPreferenceVectorField.m in Sources */,
				6F80C344198C16DD0051CDD3 /* FISTrashBinTableViewController.m in Sources */,
				6F70B1471989376200AE67FF /* FISSegmentedViewController.m in Sources */,
				6FA5EAE11987E8E100AECF7C /* FISCompareSentences.m in Sources */,
				6FD062B6198A7CA9007FD3AA /* Word.m in Sources */,
				6FA5EADB1987E2F700AECF7C /* FISTwitterAPIClient.m in Sources */,
				6FD062AA198A7914007FD3AA /* Model.xcdatamodeld in Sources */,
				6FA5EAD81987DD8600AECF7C /* FISTwitterFeedTableViewController.m in Sources */,
				71A59A96198BEB1C00B4D872 /* FISOAuthClient.m in Sources */,
				6FA5EADE1987E6EB00AECF7C /* FISDataStore.m in Sources */,
				6F0412F719898D3C002CC2E7 /* FISFriendFeedTableViewController.m in Sources */,
				6F0412F419897C2C002CC2E7 /* FISFriendTableViewCell.m in Sources */,
				6FD062BF198AB9B3007FD3AA /* Vector.m in Sources */,
				6FD062B9198A84BE007FD3AA /* FISPreferenceAlgorithm.m in Sources */,
				6F70B1501989470700AE67FF /* FISSlidableTableViewCell.m in Sources */,
				6F70B14D19893E3500AE67FF /* FISTwitterPerson.m in Sources */,
				6F0412F11989673E002CC2E7 /* FISTweet.m in Sources */,
				6FD062BC198AB9B2007FD3AA /* VectorSet.m in Sources */,
				6FA5EAAF1987DC4300AECF7C /* FISAppDelegate.m in Sources */,
			);
			runOnlyForDeploymentPostprocessing = 0;
		};
		6FA5EABB1987DC4300AECF7C /* Sources */ = {
			isa = PBXSourcesBuildPhase;
			buildActionMask = 2147483647;
			files = (
				6FA5EACD1987DC4300AECF7C /* enhatchTweetFilterTests.m in Sources */,
			);
			runOnlyForDeploymentPostprocessing = 0;
		};
/* End PBXSourcesBuildPhase section */

/* Begin PBXTargetDependency section */
		6FA5EAC51987DC4300AECF7C /* PBXTargetDependency */ = {
			isa = PBXTargetDependency;
			target = 6FA5EA9A1987DC4300AECF7C /* enhatchTweetFilter */;
			targetProxy = 6FA5EAC41987DC4300AECF7C /* PBXContainerItemProxy */;
		};
/* End PBXTargetDependency section */

/* Begin PBXVariantGroup section */
		6FA5EAA71987DC4300AECF7C /* InfoPlist.strings */ = {
			isa = PBXVariantGroup;
			children = (
				6FA5EAA81987DC4300AECF7C /* en */,
			);
			name = InfoPlist.strings;
			sourceTree = "<group>";
		};
		6FA5EAB01987DC4300AECF7C /* Main_iPhone.storyboard */ = {
			isa = PBXVariantGroup;
			children = (
				6FA5EAB11987DC4300AECF7C /* Base */,
			);
			name = Main_iPhone.storyboard;
			sourceTree = "<group>";
		};
		6FA5EAB31987DC4300AECF7C /* Main_iPad.storyboard */ = {
			isa = PBXVariantGroup;
			children = (
				6FA5EAB41987DC4300AECF7C /* Base */,
			);
			name = Main_iPad.storyboard;
			sourceTree = "<group>";
		};
		6FA5EAC91987DC4300AECF7C /* InfoPlist.strings */ = {
			isa = PBXVariantGroup;
			children = (
				6FA5EACA1987DC4300AECF7C /* en */,
			);
			name = InfoPlist.strings;
			sourceTree = "<group>";
		};
/* End PBXVariantGroup section */

/* Begin XCBuildConfiguration section */
		6FA5EACE1987DC4300AECF7C /* Debug */ = {
			isa = XCBuildConfiguration;
			buildSettings = {
				ALWAYS_SEARCH_USER_PATHS = NO;
				CLANG_CXX_LANGUAGE_STANDARD = "gnu++0x";
				CLANG_CXX_LIBRARY = "libc++";
				CLANG_ENABLE_MODULES = YES;
				CLANG_ENABLE_OBJC_ARC = YES;
				CLANG_WARN_BOOL_CONVERSION = YES;
				CLANG_WARN_CONSTANT_CONVERSION = YES;
				CLANG_WARN_DIRECT_OBJC_ISA_USAGE = YES_ERROR;
				CLANG_WARN_EMPTY_BODY = YES;
				CLANG_WARN_ENUM_CONVERSION = YES;
				CLANG_WARN_INT_CONVERSION = YES;
				CLANG_WARN_OBJC_ROOT_CLASS = YES_ERROR;
				CLANG_WARN__DUPLICATE_METHOD_MATCH = YES;
				"CODE_SIGN_IDENTITY[sdk=iphoneos*]" = "iPhone Developer";
				COPY_PHASE_STRIP = NO;
				GCC_C_LANGUAGE_STANDARD = gnu99;
				GCC_DYNAMIC_NO_PIC = NO;
				GCC_OPTIMIZATION_LEVEL = 0;
				GCC_PREPROCESSOR_DEFINITIONS = (
					"DEBUG=1",
					"$(inherited)",
				);
				GCC_SYMBOLS_PRIVATE_EXTERN = NO;
				GCC_WARN_64_TO_32_BIT_CONVERSION = YES;
				GCC_WARN_ABOUT_RETURN_TYPE = YES_ERROR;
				GCC_WARN_UNDECLARED_SELECTOR = YES;
				GCC_WARN_UNINITIALIZED_AUTOS = YES_AGGRESSIVE;
				GCC_WARN_UNUSED_FUNCTION = YES;
				GCC_WARN_UNUSED_VARIABLE = YES;
				IPHONEOS_DEPLOYMENT_TARGET = 7.1;
				ONLY_ACTIVE_ARCH = YES;
				SDKROOT = iphoneos;
				TARGETED_DEVICE_FAMILY = "1,2";
			};
			name = Debug;
		};
		6FA5EACF1987DC4300AECF7C /* Release */ = {
			isa = XCBuildConfiguration;
			buildSettings = {
				ALWAYS_SEARCH_USER_PATHS = NO;
				CLANG_CXX_LANGUAGE_STANDARD = "gnu++0x";
				CLANG_CXX_LIBRARY = "libc++";
				CLANG_ENABLE_MODULES = YES;
				CLANG_ENABLE_OBJC_ARC = YES;
				CLANG_WARN_BOOL_CONVERSION = YES;
				CLANG_WARN_CONSTANT_CONVERSION = YES;
				CLANG_WARN_DIRECT_OBJC_ISA_USAGE = YES_ERROR;
				CLANG_WARN_EMPTY_BODY = YES;
				CLANG_WARN_ENUM_CONVERSION = YES;
				CLANG_WARN_INT_CONVERSION = YES;
				CLANG_WARN_OBJC_ROOT_CLASS = YES_ERROR;
				CLANG_WARN__DUPLICATE_METHOD_MATCH = YES;
				"CODE_SIGN_IDENTITY[sdk=iphoneos*]" = "iPhone Developer";
				COPY_PHASE_STRIP = YES;
				ENABLE_NS_ASSERTIONS = NO;
				GCC_C_LANGUAGE_STANDARD = gnu99;
				GCC_WARN_64_TO_32_BIT_CONVERSION = YES;
				GCC_WARN_ABOUT_RETURN_TYPE = YES_ERROR;
				GCC_WARN_UNDECLARED_SELECTOR = YES;
				GCC_WARN_UNINITIALIZED_AUTOS = YES_AGGRESSIVE;
				GCC_WARN_UNUSED_FUNCTION = YES;
				GCC_WARN_UNUSED_VARIABLE = YES;
				IPHONEOS_DEPLOYMENT_TARGET = 7.1;
				SDKROOT = iphoneos;
				TARGETED_DEVICE_FAMILY = "1,2";
				VALIDATE_PRODUCT = YES;
			};
			name = Release;
		};
		6FA5EAD11987DC4300AECF7C /* Debug */ = {
			isa = XCBuildConfiguration;
			baseConfigurationReference = 93AB93FF33ED413685BFEEEA /* Pods.xcconfig */;
			buildSettings = {
				ASSETCATALOG_COMPILER_APPICON_NAME = AppIcon;
				ASSETCATALOG_COMPILER_LAUNCHIMAGE_NAME = LaunchImage;
				GCC_PRECOMPILE_PREFIX_HEADER = YES;
				GCC_PREFIX_HEADER = "enhatchTweetFilter/enhatchTweetFilter-Prefix.pch";
				INFOPLIST_FILE = "enhatchTweetFilter/enhatchTweetFilter-Info.plist";
				PRODUCT_NAME = "$(TARGET_NAME)";
				WRAPPER_EXTENSION = app;
			};
			name = Debug;
		};
		6FA5EAD21987DC4300AECF7C /* Release */ = {
			isa = XCBuildConfiguration;
			baseConfigurationReference = 93AB93FF33ED413685BFEEEA /* Pods.xcconfig */;
			buildSettings = {
				ASSETCATALOG_COMPILER_APPICON_NAME = AppIcon;
				ASSETCATALOG_COMPILER_LAUNCHIMAGE_NAME = LaunchImage;
				GCC_PRECOMPILE_PREFIX_HEADER = YES;
				GCC_PREFIX_HEADER = "enhatchTweetFilter/enhatchTweetFilter-Prefix.pch";
				INFOPLIST_FILE = "enhatchTweetFilter/enhatchTweetFilter-Info.plist";
				PRODUCT_NAME = "$(TARGET_NAME)";
				WRAPPER_EXTENSION = app;
			};
			name = Release;
		};
		6FA5EAD41987DC4300AECF7C /* Debug */ = {
			isa = XCBuildConfiguration;
			buildSettings = {
				BUNDLE_LOADER = "$(BUILT_PRODUCTS_DIR)/enhatchTweetFilter.app/enhatchTweetFilter";
				FRAMEWORK_SEARCH_PATHS = (
					"$(SDKROOT)/Developer/Library/Frameworks",
					"$(inherited)",
					"$(DEVELOPER_FRAMEWORKS_DIR)",
				);
				GCC_PRECOMPILE_PREFIX_HEADER = YES;
				GCC_PREFIX_HEADER = "enhatchTweetFilter/enhatchTweetFilter-Prefix.pch";
				GCC_PREPROCESSOR_DEFINITIONS = (
					"DEBUG=1",
					"$(inherited)",
				);
				INFOPLIST_FILE = "enhatchTweetFilterTests/enhatchTweetFilterTests-Info.plist";
				PRODUCT_NAME = "$(TARGET_NAME)";
				TEST_HOST = "$(BUNDLE_LOADER)";
				WRAPPER_EXTENSION = xctest;
			};
			name = Debug;
		};
		6FA5EAD51987DC4300AECF7C /* Release */ = {
			isa = XCBuildConfiguration;
			buildSettings = {
				BUNDLE_LOADER = "$(BUILT_PRODUCTS_DIR)/enhatchTweetFilter.app/enhatchTweetFilter";
				FRAMEWORK_SEARCH_PATHS = (
					"$(SDKROOT)/Developer/Library/Frameworks",
					"$(inherited)",
					"$(DEVELOPER_FRAMEWORKS_DIR)",
				);
				GCC_PRECOMPILE_PREFIX_HEADER = YES;
				GCC_PREFIX_HEADER = "enhatchTweetFilter/enhatchTweetFilter-Prefix.pch";
				INFOPLIST_FILE = "enhatchTweetFilterTests/enhatchTweetFilterTests-Info.plist";
				PRODUCT_NAME = "$(TARGET_NAME)";
				TEST_HOST = "$(BUNDLE_LOADER)";
				WRAPPER_EXTENSION = xctest;
			};
			name = Release;
		};
/* End XCBuildConfiguration section */

/* Begin XCConfigurationList section */
		6FA5EA961987DC4300AECF7C /* Build configuration list for PBXProject "enhatchTweetFilter" */ = {
			isa = XCConfigurationList;
			buildConfigurations = (
				6FA5EACE1987DC4300AECF7C /* Debug */,
				6FA5EACF1987DC4300AECF7C /* Release */,
			);
			defaultConfigurationIsVisible = 0;
			defaultConfigurationName = Release;
		};
		6FA5EAD01987DC4300AECF7C /* Build configuration list for PBXNativeTarget "enhatchTweetFilter" */ = {
			isa = XCConfigurationList;
			buildConfigurations = (
				6FA5EAD11987DC4300AECF7C /* Debug */,
				6FA5EAD21987DC4300AECF7C /* Release */,
			);
			defaultConfigurationIsVisible = 0;
			defaultConfigurationName = Release;
		};
		6FA5EAD31987DC4300AECF7C /* Build configuration list for PBXNativeTarget "enhatchTweetFilterTests" */ = {
			isa = XCConfigurationList;
			buildConfigurations = (
				6FA5EAD41987DC4300AECF7C /* Debug */,
				6FA5EAD51987DC4300AECF7C /* Release */,
			);
			defaultConfigurationIsVisible = 0;
			defaultConfigurationName = Release;
		};
/* End XCConfigurationList section */

/* Begin XCVersionGroup section */
		6FD062A8198A7914007FD3AA /* Model.xcdatamodeld */ = {
			isa = XCVersionGroup;
			children = (
				6FD062A9198A7914007FD3AA /* Model.xcdatamodel */,
			);
			currentVersion = 6FD062A9198A7914007FD3AA /* Model.xcdatamodel */;
			path = Model.xcdatamodeld;
			sourceTree = "<group>";
			versionGroupType = wrapper.xcdatamodel;
		};
/* End XCVersionGroup section */
	};
	rootObject = 6FA5EA931987DC4300AECF7C /* Project object */;
}
